
Microsoft Visual Studio Solution File, Format Version 12.00
# Visual Studio 14
VisualStudioVersion = 14.0.25420.1
MinimumVisualStudioVersion = 10.0.40219.1
Project("{FAE04EC0-301F-11D3-BF4B-00C04F79EFBC}") = "CSC6dotNET46", "CSC6dotNET46\CSC6dotNET46.csproj", "{E30AF472-4680-4097-9B19-CD7551627A85}"
EndProject
Global
	GlobalSection(SolutionConfigurationPlatforms) = preSolution
		Debug|Any CPU = Debug|Any CPU
		Release|Any CPU = Release|Any CPU
	EndGlobalSection
	GlobalSection(ProjectConfigurationPlatforms) = postSolution
		{E30AF472-4680-4097-9B19-CD7551627A85}.Debug|Any CPU.ActiveCfg = Debug|Any CPU
		{E30AF472-4680-4097-9B19-CD7551627A85}.Debug|Any CPU.Build.0 = Debug|Any CPU
		{E30AF472-4680-4097-9B19-CD7551627A85}.Release|Any CPU.ActiveCfg = Release|Any CPU
		{E30AF472-4680-4097-9B19-CD7551627A85}.Release|Any CPU.Build.0 = Release|Any CPU
	EndGlobalSection
	GlobalSection(SolutionProperties) = preSolution
		HideSolutionNode = FALSE
	EndGlobalSection
EndGlobal
